
Microsoft Visual Studio Solution File, Format Version 12.00
# Visual Studio Version 17
VisualStudioVersion = 17.0.31903.59
MinimumVisualStudioVersion = 10.0.40219.1
Project("{2150E333-8FDC-42A3-9474-1A3956D46DE8}") = "src", "src", "{827E0CD3-B72D-47B6-A68D-7590B98EB39B}"
EndProject
Project("{FAE04EC0-301F-11D3-BF4B-00C04F79EFBC}") = "OrderProcessing.Domain", "src\OrderProcessing.Domain\OrderProcessing.Domain.csproj", "{EBE36E98-41A1-4943-997E-CCF905F06F6C}"
EndProject
Project("{FAE04EC0-301F-11D3-BF4B-00C04F79EFBC}") = "OrderProcessing.Application", "src\OrderProcessing.Application\OrderProcessing.Application.csproj", "{2AC74B80-5F74-4C6D-AAC6-471F2AEEC2B8}"
EndProject
Project("{FAE04EC0-301F-11D3-BF4B-00C04F79EFBC}") = "OrderProcessing.Infrastructure", "src\OrderProcessing.Infrastructure\OrderProcessing.Infrastructure.csproj", "{1851BE45-E587-4552-9E00-8D138D9813F8}"
EndProject
Project("{FAE04EC0-301F-11D3-BF4B-00C04F79EFBC}") = "OrderProcessing.API", "src\OrderProcessing.API\OrderProcessing.API.csproj", "{7422E381-2939-41E5-B64D-CF000F4CD107}"
EndProject
Global
	GlobalSection(SolutionConfigurationPlatforms) = preSolution
		Debug|Any CPU = Debug|Any CPU
		Debug|x64 = Debug|x64
		Debug|x86 = Debug|x86
		Release|Any CPU = Release|Any CPU
		Release|x64 = Release|x64
		Release|x86 = Release|x86
	EndGlobalSection
	GlobalSection(ProjectConfigurationPlatforms) = postSolution
		{EBE36E98-41A1-4943-997E-CCF905F06F6C}.Debug|Any CPU.ActiveCfg = Debug|Any CPU
		{EBE36E98-41A1-4943-997E-CCF905F06F6C}.Debug|Any CPU.Build.0 = Debug|Any CPU
		{EBE36E98-41A1-4943-997E-CCF905F06F6C}.Debug|x64.ActiveCfg = Debug|Any CPU
		{EBE36E98-41A1-4943-997E-CCF905F06F6C}.Debug|x64.Build.0 = Debug|Any CPU
		{EBE36E98-41A1-4943-997E-CCF905F06F6C}.Debug|x86.ActiveCfg = Debug|Any CPU
		{EBE36E98-41A1-4943-997E-CCF905F06F6C}.Debug|x86.Build.0 = Debug|Any CPU
		{EBE36E98-41A1-4943-997E-CCF905F06F6C}.Release|Any CPU.ActiveCfg = Release|Any CPU
		{EBE36E98-41A1-4943-997E-CCF905F06F6C}.Release|Any CPU.Build.0 = Release|Any CPU
		{EBE36E98-41A1-4943-997E-CCF905F06F6C}.Release|x64.ActiveCfg = Release|Any CPU
		{EBE36E98-41A1-4943-997E-CCF905F06F6C}.Release|x64.Build.0 = Release|Any CPU
		{EBE36E98-41A1-4943-997E-CCF905F06F6C}.Release|x86.ActiveCfg = Release|Any CPU
		{EBE36E98-41A1-4943-997E-CCF905F06F6C}.Release|x86.Build.0 = Release|Any CPU
		{2AC74B80-5F74-4C6D-AAC6-471F2AEEC2B8}.Debug|Any CPU.ActiveCfg = Debug|Any CPU
		{2AC74B80-5F74-4C6D-AAC6-471F2AEEC2B8}.Debug|Any CPU.Build.0 = Debug|Any CPU
		{2AC74B80-5F74-4C6D-AAC6-471F2AEEC2B8}.Debug|x64.ActiveCfg = Debug|Any CPU
		{2AC74B80-5F74-4C6D-AAC6-471F2AEEC2B8}.Debug|x64.Build.0 = Debug|Any CPU
		{2AC74B80-5F74-4C6D-AAC6-471F2AEEC2B8}.Debug|x86.ActiveCfg = Debug|Any CPU
		{2AC74B80-5F74-4C6D-AAC6-471F2AEEC2B8}.Debug|x86.Build.0 = Debug|Any CPU
		{2AC74B80-5F74-4C6D-AAC6-471F2AEEC2B8}.Release|Any CPU.ActiveCfg = Release|Any CPU
		{2AC74B80-5F74-4C6D-AAC6-471F2AEEC2B8}.Release|Any CPU.Build.0 = Release|Any CPU
		{2AC74B80-5F74-4C6D-AAC6-471F2AEEC2B8}.Release|x64.ActiveCfg = Release|Any CPU
		{2AC74B80-5F74-4C6D-AAC6-471F2AEEC2B8}.Release|x64.Build.0 = Release|Any CPU
		{2AC74B80-5F74-4C6D-AAC6-471F2AEEC2B8}.Release|x86.ActiveCfg = Release|Any CPU
		{2AC74B80-5F74-4C6D-AAC6-471F2AEEC2B8}.Release|x86.Build.0 = Release|Any CPU
		{1851BE45-E587-4552-9E00-8D138D9813F8}.Debug|Any CPU.ActiveCfg = Debug|Any CPU
		{1851BE45-E587-4552-9E00-8D138D9813F8}.Debug|Any CPU.Build.0 = Debug|Any CPU
		{1851BE45-E587-4552-9E00-8D138D9813F8}.Debug|x64.ActiveCfg = Debug|Any CPU
		{1851BE45-E587-4552-9E00-8D138D9813F8}.Debug|x64.Build.0 = Debug|Any CPU
		{1851BE45-E587-4552-9E00-8D138D9813F8}.Debug|x86.ActiveCfg = Debug|Any CPU
		{1851BE45-E587-4552-9E00-8D138D9813F8}.Debug|x86.Build.0 = Debug|Any CPU
		{1851BE45-E587-4552-9E00-8D138D9813F8}.Release|Any CPU.ActiveCfg = Release|Any CPU
		{1851BE45-E587-4552-9E00-8D138D9813F8}.Release|Any CPU.Build.0 = Release|Any CPU
		{1851BE45-E587-4552-9E00-8D138D9813F8}.Release|x64.ActiveCfg = Release|Any CPU
		{1851BE45-E587-4552-9E00-8D138D9813F8}.Release|x64.Build.0 = Release|Any CPU
		{1851BE45-E587-4552-9E00-8D138D9813F8}.Release|x86.ActiveCfg = Release|Any CPU
		{1851BE45-E587-4552-9E00-8D138D9813F8}.Release|x86.Build.0 = Release|Any CPU
		{7422E381-2939-41E5-B64D-CF000F4CD107}.Debug|Any CPU.ActiveCfg = Debug|Any CPU
		{7422E381-2939-41E5-B64D-CF000F4CD107}.Debug|Any CPU.Build.0 = Debug|Any CPU
		{7422E381-2939-41E5-B64D-CF000F4CD107}.Debug|x64.ActiveCfg = Debug|Any CPU
		{7422E381-2939-41E5-B64D-CF000F4CD107}.Debug|x64.Build.0 = Debug|Any CPU
		{7422E381-2939-41E5-B64D-CF000F4CD107}.Debug|x86.ActiveCfg = Debug|Any CPU
		{7422E381-2939-41E5-B64D-CF000F4CD107}.Debug|x86.Build.0 = Debug|Any CPU
		{7422E381-2939-41E5-B64D-CF000F4CD107}.Release|Any CPU.ActiveCfg = Release|Any CPU
		{7422E381-2939-41E5-B64D-CF000F4CD107}.Release|Any CPU.Build.0 = Release|Any CPU
		{7422E381-2939-41E5-B64D-CF000F4CD107}.Release|x64.ActiveCfg = Release|Any CPU
		{7422E381-2939-41E5-B64D-CF000F4CD107}.Release|x64.Build.0 = Release|Any CPU
		{7422E381-2939-41E5-B64D-CF000F4CD107}.Release|x86.ActiveCfg = Release|Any CPU
		{7422E381-2939-41E5-B64D-CF000F4CD107}.Release|x86.Build.0 = Release|Any CPU
	EndGlobalSection
	GlobalSection(SolutionProperties) = preSolution
		HideSolutionNode = FALSE
	EndGlobalSection
	GlobalSection(NestedProjects) = preSolution
		{EBE36E98-41A1-4943-997E-CCF905F06F6C} = {827E0CD3-B72D-47B6-A68D-7590B98EB39B}
		{2AC74B80-5F74-4C6D-AAC6-471F2AEEC2B8} = {827E0CD3-B72D-47B6-A68D-7590B98EB39B}
		{1851BE45-E587-4552-9E00-8D138D9813F8} = {827E0CD3-B72D-47B6-A68D-7590B98EB39B}
		{7422E381-2939-41E5-B64D-CF000F4CD107} = {827E0CD3-B72D-47B6-A68D-7590B98EB39B}
	EndGlobalSection
EndGlobal
